
Microsoft Visual Studio Solution File, Format Version 12.00
# Visual Studio Version 17
VisualStudioVersion = 17.5.002.0
MinimumVisualStudioVersion = 10.0.40219.1
Project("{9A19103F-16F7-4668-BE54-9A1E7A4F7556}") = "Api", "Api.csproj", "{D1E610C3-0914-4687-9DDA-DC71569BDE81}"
EndProject
Global
	GlobalSection(SolutionConfigurationPlatforms) = preSolution
		Debug|Any CPU = Debug|Any CPU
		Release|Any CPU = Release|Any CPU
	EndGlobalSection
	GlobalSection(ProjectConfigurationPlatforms) = postSolution
		{D1E610C3-0914-4687-9DDA-DC71569BDE81}.Debug|Any CPU.ActiveCfg = Debug|Any CPU
		{D1E610C3-0914-4687-9DDA-DC71569BDE81}.Debug|Any CPU.Build.0 = Debug|Any CPU
		{D1E610C3-0914-4687-9DDA-DC71569BDE81}.Release|Any CPU.ActiveCfg = Release|Any CPU
		{D1E610C3-0914-4687-9DDA-DC71569BDE81}.Release|Any CPU.Build.0 = Release|Any CPU
	EndGlobalSection
	GlobalSection(SolutionProperties) = preSolution
		HideSolutionNode = FALSE
	EndGlobalSection
	GlobalSection(ExtensibilityGlobals) = postSolution
		SolutionGuid = {FED5A0C5-BAAE-4915-9E92-6562B1496B66}
	EndGlobalSection
EndGlobal
